
Microsoft Visual Studio Solution File, Format Version 12.00
# Visual Studio Version 16
VisualStudioVersion = 16.0.30413.136
MinimumVisualStudioVersion = 10.0.40219.1
Project("{FAE04EC0-301F-11D3-BF4B-00C04F79EFBC}") = "RegExSongtext", "RegExSongtext\RegExSongtext.csproj", "{77FF63EF-F773-49E6-AC7E-1907B7D4FF1E}"
EndProject
Global
	GlobalSection(SolutionConfigurationPlatforms) = preSolution
		Debug|Any CPU = Debug|Any CPU
		Release|Any CPU = Release|Any CPU
	EndGlobalSection
	GlobalSection(ProjectConfigurationPlatforms) = postSolution
		{77FF63EF-F773-49E6-AC7E-1907B7D4FF1E}.Debug|Any CPU.ActiveCfg = Debug|Any CPU
		{77FF63EF-F773-49E6-AC7E-1907B7D4FF1E}.Debug|Any CPU.Build.0 = Debug|Any CPU
		{77FF63EF-F773-49E6-AC7E-1907B7D4FF1E}.Release|Any CPU.ActiveCfg = Release|Any CPU
		{77FF63EF-F773-49E6-AC7E-1907B7D4FF1E}.Release|Any CPU.Build.0 = Release|Any CPU
	EndGlobalSection
	GlobalSection(SolutionProperties) = preSolution
		HideSolutionNode = FALSE
	EndGlobalSection
	GlobalSection(ExtensibilityGlobals) = postSolution
		SolutionGuid = {AA11D22F-E818-4783-A51A-628B89525C0E}
	EndGlobalSection
EndGlobal
